
Microsoft Visual Studio Solution File, Format Version 12.00
# Visual Studio Version 17
VisualStudioVersion = 17.4.33103.184
MinimumVisualStudioVersion = 10.0.40219.1
Project("{FAE04EC0-301F-11D3-BF4B-00C04F79EFBC}") = "Bee1064", "Bee1064\Bee1064.csproj", "{EBE43BE4-2280-4176-80FA-7F474EE7A855}"
EndProject
Global
	GlobalSection(SolutionConfigurationPlatforms) = preSolution
		Debug|Any CPU = Debug|Any CPU
		Release|Any CPU = Release|Any CPU
	EndGlobalSection
	GlobalSection(ProjectConfigurationPlatforms) = postSolution
		{EBE43BE4-2280-4176-80FA-7F474EE7A855}.Debug|Any CPU.ActiveCfg = Debug|Any CPU
		{EBE43BE4-2280-4176-80FA-7F474EE7A855}.Debug|Any CPU.Build.0 = Debug|Any CPU
		{EBE43BE4-2280-4176-80FA-7F474EE7A855}.Release|Any CPU.ActiveCfg = Release|Any CPU
		{EBE43BE4-2280-4176-80FA-7F474EE7A855}.Release|Any CPU.Build.0 = Release|Any CPU
	EndGlobalSection
	GlobalSection(SolutionProperties) = preSolution
		HideSolutionNode = FALSE
	EndGlobalSection
	GlobalSection(ExtensibilityGlobals) = postSolution
		SolutionGuid = {A70E0306-2604-496C-8178-ABF8E5E0AAB4}
	EndGlobalSection
EndGlobal
