
Microsoft Visual Studio Solution File, Format Version 12.00
# Visual Studio Version 17
VisualStudioVersion = 17.4.33103.184
MinimumVisualStudioVersion = 10.0.40219.1
Project("{FAE04EC0-301F-11D3-BF4B-00C04F79EFBC}") = "Bee1065", "Bee1065\Bee1065.csproj", "{A8BF62AB-EB91-49BA-854F-DCE0DC32DC9A}"
EndProject
Global
	GlobalSection(SolutionConfigurationPlatforms) = preSolution
		Debug|Any CPU = Debug|Any CPU
		Release|Any CPU = Release|Any CPU
	EndGlobalSection
	GlobalSection(ProjectConfigurationPlatforms) = postSolution
		{A8BF62AB-EB91-49BA-854F-DCE0DC32DC9A}.Debug|Any CPU.ActiveCfg = Debug|Any CPU
		{A8BF62AB-EB91-49BA-854F-DCE0DC32DC9A}.Debug|Any CPU.Build.0 = Debug|Any CPU
		{A8BF62AB-EB91-49BA-854F-DCE0DC32DC9A}.Release|Any CPU.ActiveCfg = Release|Any CPU
		{A8BF62AB-EB91-49BA-854F-DCE0DC32DC9A}.Release|Any CPU.Build.0 = Release|Any CPU
	EndGlobalSection
	GlobalSection(SolutionProperties) = preSolution
		HideSolutionNode = FALSE
	EndGlobalSection
	GlobalSection(ExtensibilityGlobals) = postSolution
		SolutionGuid = {9FFBE126-EE8B-4849-8E47-60E4123EE445}
	EndGlobalSection
EndGlobal
