
Microsoft Visual Studio Solution File, Format Version 12.00
# Visual Studio Version 17
VisualStudioVersion = 17.4.33103.184
MinimumVisualStudioVersion = 10.0.40219.1
Project("{FAE04EC0-301F-11D3-BF4B-00C04F79EFBC}") = "Bee1016", "Bee1016\Bee1016.csproj", "{CC82B5A1-F5F2-4794-86E6-FE273674B86C}"
EndProject
Global
	GlobalSection(SolutionConfigurationPlatforms) = preSolution
		Debug|Any CPU = Debug|Any CPU
		Release|Any CPU = Release|Any CPU
	EndGlobalSection
	GlobalSection(ProjectConfigurationPlatforms) = postSolution
		{CC82B5A1-F5F2-4794-86E6-FE273674B86C}.Debug|Any CPU.ActiveCfg = Debug|Any CPU
		{CC82B5A1-F5F2-4794-86E6-FE273674B86C}.Debug|Any CPU.Build.0 = Debug|Any CPU
		{CC82B5A1-F5F2-4794-86E6-FE273674B86C}.Release|Any CPU.ActiveCfg = Release|Any CPU
		{CC82B5A1-F5F2-4794-86E6-FE273674B86C}.Release|Any CPU.Build.0 = Release|Any CPU
	EndGlobalSection
	GlobalSection(SolutionProperties) = preSolution
		HideSolutionNode = FALSE
	EndGlobalSection
	GlobalSection(ExtensibilityGlobals) = postSolution
		SolutionGuid = {01D321FC-A2DA-4324-82E9-8FD1BBB7BE6B}
	EndGlobalSection
EndGlobal
