
Microsoft Visual Studio Solution File, Format Version 12.00
# Visual Studio Version 17
VisualStudioVersion = 17.4.33103.184
MinimumVisualStudioVersion = 10.0.40219.1
Project("{FAE04EC0-301F-11D3-BF4B-00C04F79EFBC}") = "Bee1004_SimpleProduct", "Bee1004_SimpleProduct\Bee1004_SimpleProduct.csproj", "{966DB639-EF1D-46BF-BF26-393F8C7C4FB6}"
EndProject
Global
	GlobalSection(SolutionConfigurationPlatforms) = preSolution
		Debug|Any CPU = Debug|Any CPU
		Release|Any CPU = Release|Any CPU
	EndGlobalSection
	GlobalSection(ProjectConfigurationPlatforms) = postSolution
		{966DB639-EF1D-46BF-BF26-393F8C7C4FB6}.Debug|Any CPU.ActiveCfg = Debug|Any CPU
		{966DB639-EF1D-46BF-BF26-393F8C7C4FB6}.Debug|Any CPU.Build.0 = Debug|Any CPU
		{966DB639-EF1D-46BF-BF26-393F8C7C4FB6}.Release|Any CPU.ActiveCfg = Release|Any CPU
		{966DB639-EF1D-46BF-BF26-393F8C7C4FB6}.Release|Any CPU.Build.0 = Release|Any CPU
	EndGlobalSection
	GlobalSection(SolutionProperties) = preSolution
		HideSolutionNode = FALSE
	EndGlobalSection
	GlobalSection(ExtensibilityGlobals) = postSolution
		SolutionGuid = {24B93143-98BA-49D2-A85D-9377BB2A06D7}
	EndGlobalSection
EndGlobal
