
Microsoft Visual Studio Solution File, Format Version 12.00
# Visual Studio Version 17
VisualStudioVersion = 17.4.33103.184
MinimumVisualStudioVersion = 10.0.40219.1
Project("{FAE04EC0-301F-11D3-BF4B-00C04F79EFBC}") = "Bee1018", "Bee1018\Bee1018.csproj", "{251E845D-4358-43A4-B4B8-05C09076A2B2}"
EndProject
Global
	GlobalSection(SolutionConfigurationPlatforms) = preSolution
		Debug|Any CPU = Debug|Any CPU
		Release|Any CPU = Release|Any CPU
	EndGlobalSection
	GlobalSection(ProjectConfigurationPlatforms) = postSolution
		{251E845D-4358-43A4-B4B8-05C09076A2B2}.Debug|Any CPU.ActiveCfg = Debug|Any CPU
		{251E845D-4358-43A4-B4B8-05C09076A2B2}.Debug|Any CPU.Build.0 = Debug|Any CPU
		{251E845D-4358-43A4-B4B8-05C09076A2B2}.Release|Any CPU.ActiveCfg = Release|Any CPU
		{251E845D-4358-43A4-B4B8-05C09076A2B2}.Release|Any CPU.Build.0 = Release|Any CPU
	EndGlobalSection
	GlobalSection(SolutionProperties) = preSolution
		HideSolutionNode = FALSE
	EndGlobalSection
	GlobalSection(ExtensibilityGlobals) = postSolution
		SolutionGuid = {7BAB1FA7-6417-4193-B972-515AB2FB1434}
	EndGlobalSection
EndGlobal
