
Microsoft Visual Studio Solution File, Format Version 12.00
# Visual Studio Version 17
VisualStudioVersion = 17.4.33103.184
MinimumVisualStudioVersion = 10.0.40219.1
Project("{FAE04EC0-301F-11D3-BF4B-00C04F79EFBC}") = "Bee1008_Salario", "Bee1008_Salario\Bee1008_Salario.csproj", "{E561C3A4-7144-442B-90C7-8649EE3BA85A}"
EndProject
Global
	GlobalSection(SolutionConfigurationPlatforms) = preSolution
		Debug|Any CPU = Debug|Any CPU
		Release|Any CPU = Release|Any CPU
	EndGlobalSection
	GlobalSection(ProjectConfigurationPlatforms) = postSolution
		{E561C3A4-7144-442B-90C7-8649EE3BA85A}.Debug|Any CPU.ActiveCfg = Debug|Any CPU
		{E561C3A4-7144-442B-90C7-8649EE3BA85A}.Debug|Any CPU.Build.0 = Debug|Any CPU
		{E561C3A4-7144-442B-90C7-8649EE3BA85A}.Release|Any CPU.ActiveCfg = Release|Any CPU
		{E561C3A4-7144-442B-90C7-8649EE3BA85A}.Release|Any CPU.Build.0 = Release|Any CPU
	EndGlobalSection
	GlobalSection(SolutionProperties) = preSolution
		HideSolutionNode = FALSE
	EndGlobalSection
	GlobalSection(ExtensibilityGlobals) = postSolution
		SolutionGuid = {C444D2C2-9B77-4CA4-B795-1ACF29A938C8}
	EndGlobalSection
EndGlobal
