
Microsoft Visual Studio Solution File, Format Version 12.00
# Visual Studio Version 17
VisualStudioVersion = 17.4.33103.184
MinimumVisualStudioVersion = 10.0.40219.1
Project("{FAE04EC0-301F-11D3-BF4B-00C04F79EFBC}") = "Bee1049_Animal", "Bee1049_Animal\Bee1049_Animal.csproj", "{4FE85674-B1EB-4871-BE2A-75B0199FBC2A}"
EndProject
Global
	GlobalSection(SolutionConfigurationPlatforms) = preSolution
		Debug|Any CPU = Debug|Any CPU
		Release|Any CPU = Release|Any CPU
	EndGlobalSection
	GlobalSection(ProjectConfigurationPlatforms) = postSolution
		{4FE85674-B1EB-4871-BE2A-75B0199FBC2A}.Debug|Any CPU.ActiveCfg = Debug|Any CPU
		{4FE85674-B1EB-4871-BE2A-75B0199FBC2A}.Debug|Any CPU.Build.0 = Debug|Any CPU
		{4FE85674-B1EB-4871-BE2A-75B0199FBC2A}.Release|Any CPU.ActiveCfg = Release|Any CPU
		{4FE85674-B1EB-4871-BE2A-75B0199FBC2A}.Release|Any CPU.Build.0 = Release|Any CPU
	EndGlobalSection
	GlobalSection(SolutionProperties) = preSolution
		HideSolutionNode = FALSE
	EndGlobalSection
	GlobalSection(ExtensibilityGlobals) = postSolution
		SolutionGuid = {11002F6B-A824-481F-B82A-23DF515DA96C}
	EndGlobalSection
EndGlobal
