
Microsoft Visual Studio Solution File, Format Version 12.00
# Visual Studio Version 17
VisualStudioVersion = 17.4.33103.184
MinimumVisualStudioVersion = 10.0.40219.1
Project("{FAE04EC0-301F-11D3-BF4B-00C04F79EFBC}") = "Bee1073", "Bee1073\Bee1073.csproj", "{361DD954-EF75-4F54-88E3-F9FE6564305D}"
EndProject
Global
	GlobalSection(SolutionConfigurationPlatforms) = preSolution
		Debug|Any CPU = Debug|Any CPU
		Release|Any CPU = Release|Any CPU
	EndGlobalSection
	GlobalSection(ProjectConfigurationPlatforms) = postSolution
		{361DD954-EF75-4F54-88E3-F9FE6564305D}.Debug|Any CPU.ActiveCfg = Debug|Any CPU
		{361DD954-EF75-4F54-88E3-F9FE6564305D}.Debug|Any CPU.Build.0 = Debug|Any CPU
		{361DD954-EF75-4F54-88E3-F9FE6564305D}.Release|Any CPU.ActiveCfg = Release|Any CPU
		{361DD954-EF75-4F54-88E3-F9FE6564305D}.Release|Any CPU.Build.0 = Release|Any CPU
	EndGlobalSection
	GlobalSection(SolutionProperties) = preSolution
		HideSolutionNode = FALSE
	EndGlobalSection
	GlobalSection(ExtensibilityGlobals) = postSolution
		SolutionGuid = {EE0DF938-3E46-4807-B47E-3E0D51B71C19}
	EndGlobalSection
EndGlobal
