
Microsoft Visual Studio Solution File, Format Version 12.00
# Visual Studio Version 17
VisualStudioVersion = 17.4.33103.184
MinimumVisualStudioVersion = 10.0.40219.1
Project("{FAE04EC0-301F-11D3-BF4B-00C04F79EFBC}") = "Bee1175", "Bee1175\Bee1175.csproj", "{C61CC035-BB7B-4E43-B648-73494E8F4533}"
EndProject
Global
	GlobalSection(SolutionConfigurationPlatforms) = preSolution
		Debug|Any CPU = Debug|Any CPU
		Release|Any CPU = Release|Any CPU
	EndGlobalSection
	GlobalSection(ProjectConfigurationPlatforms) = postSolution
		{C61CC035-BB7B-4E43-B648-73494E8F4533}.Debug|Any CPU.ActiveCfg = Debug|Any CPU
		{C61CC035-BB7B-4E43-B648-73494E8F4533}.Debug|Any CPU.Build.0 = Debug|Any CPU
		{C61CC035-BB7B-4E43-B648-73494E8F4533}.Release|Any CPU.ActiveCfg = Release|Any CPU
		{C61CC035-BB7B-4E43-B648-73494E8F4533}.Release|Any CPU.Build.0 = Release|Any CPU
	EndGlobalSection
	GlobalSection(SolutionProperties) = preSolution
		HideSolutionNode = FALSE
	EndGlobalSection
	GlobalSection(ExtensibilityGlobals) = postSolution
		SolutionGuid = {EB1869F1-1652-48AC-8B0F-028F2ED8F57A}
	EndGlobalSection
EndGlobal
