
Microsoft Visual Studio Solution File, Format Version 12.00
# Visual Studio Version 17
VisualStudioVersion = 17.4.33103.184
MinimumVisualStudioVersion = 10.0.40219.1
Project("{FAE04EC0-301F-11D3-BF4B-00C04F79EFBC}") = "Bee1132", "Bee1132\Bee1132.csproj", "{31CFF383-322F-43D9-BD64-CFE0920CECD5}"
EndProject
Global
	GlobalSection(SolutionConfigurationPlatforms) = preSolution
		Debug|Any CPU = Debug|Any CPU
		Release|Any CPU = Release|Any CPU
	EndGlobalSection
	GlobalSection(ProjectConfigurationPlatforms) = postSolution
		{31CFF383-322F-43D9-BD64-CFE0920CECD5}.Debug|Any CPU.ActiveCfg = Debug|Any CPU
		{31CFF383-322F-43D9-BD64-CFE0920CECD5}.Debug|Any CPU.Build.0 = Debug|Any CPU
		{31CFF383-322F-43D9-BD64-CFE0920CECD5}.Release|Any CPU.ActiveCfg = Release|Any CPU
		{31CFF383-322F-43D9-BD64-CFE0920CECD5}.Release|Any CPU.Build.0 = Release|Any CPU
	EndGlobalSection
	GlobalSection(SolutionProperties) = preSolution
		HideSolutionNode = FALSE
	EndGlobalSection
	GlobalSection(ExtensibilityGlobals) = postSolution
		SolutionGuid = {E525596C-2F7A-41A1-AB84-3CF7C009F1E1}
	EndGlobalSection
EndGlobal
