
Microsoft Visual Studio Solution File, Format Version 12.00
# Visual Studio Version 17
VisualStudioVersion = 17.4.33103.184
MinimumVisualStudioVersion = 10.0.40219.1
Project("{FAE04EC0-301F-11D3-BF4B-00C04F79EFBC}") = "Bee1174", "Bee1174\Bee1174.csproj", "{4823C0B0-498D-472E-82A0-7C8345809219}"
EndProject
Global
	GlobalSection(SolutionConfigurationPlatforms) = preSolution
		Debug|Any CPU = Debug|Any CPU
		Release|Any CPU = Release|Any CPU
	EndGlobalSection
	GlobalSection(ProjectConfigurationPlatforms) = postSolution
		{4823C0B0-498D-472E-82A0-7C8345809219}.Debug|Any CPU.ActiveCfg = Debug|Any CPU
		{4823C0B0-498D-472E-82A0-7C8345809219}.Debug|Any CPU.Build.0 = Debug|Any CPU
		{4823C0B0-498D-472E-82A0-7C8345809219}.Release|Any CPU.ActiveCfg = Release|Any CPU
		{4823C0B0-498D-472E-82A0-7C8345809219}.Release|Any CPU.Build.0 = Release|Any CPU
	EndGlobalSection
	GlobalSection(SolutionProperties) = preSolution
		HideSolutionNode = FALSE
	EndGlobalSection
	GlobalSection(ExtensibilityGlobals) = postSolution
		SolutionGuid = {C54CB59C-3FFC-47E0-8338-28FB683BA27F}
	EndGlobalSection
EndGlobal
